
Microsoft Visual Studio Solution File, Format Version 12.00
# Visual Studio Version 17
VisualStudioVersion = 17.8.34330.188
MinimumVisualStudioVersion = 10.0.40219.1
Project("{FAE04EC0-301F-11D3-BF4B-00C04F79EFBC}") = "Contacts", "Contacts\Contacts.csproj", "{FC17B468-0D00-486F-A587-171AF6169791}"
EndProject
Global
	GlobalSection(SolutionConfigurationPlatforms) = preSolution
		Debug|Any CPU = Debug|Any CPU
		Release|Any CPU = Release|Any CPU
	EndGlobalSection
	GlobalSection(ProjectConfigurationPlatforms) = postSolution
		{FC17B468-0D00-486F-A587-171AF6169791}.Debug|Any CPU.ActiveCfg = Debug|Any CPU
		{FC17B468-0D00-486F-A587-171AF6169791}.Debug|Any CPU.Build.0 = Debug|Any CPU
		{FC17B468-0D00-486F-A587-171AF6169791}.Debug|Any CPU.Deploy.0 = Debug|Any CPU
		{FC17B468-0D00-486F-A587-171AF6169791}.Release|Any CPU.ActiveCfg = Release|Any CPU
		{FC17B468-0D00-486F-A587-171AF6169791}.Release|Any CPU.Build.0 = Release|Any CPU
		{FC17B468-0D00-486F-A587-171AF6169791}.Release|Any CPU.Deploy.0 = Release|Any CPU
	EndGlobalSection
	GlobalSection(SolutionProperties) = preSolution
		HideSolutionNode = FALSE
	EndGlobalSection
	GlobalSection(ExtensibilityGlobals) = postSolution
		SolutionGuid = {373D4FFA-0190-4F97-A1C1-A93B7D2F0870}
	EndGlobalSection
EndGlobal
